{
  "name": "ngx-treeview",
  "version": "1.0.1",
  "lockfileVersion": 1,
  "requires": true,
  "dependencies": {
    "@angular/flex-layout": {
      "version": "13.0.0-beta.36",
      "resolved": "https://registry.npmjs.org/@angular/flex-layout/-/flex-layout-13.0.0-beta.36.tgz",
      "integrity": "sha512-JLC3C1oEKVu9lLyottvHbfyCf/pOPzjXfFO3qOPBbWyVqxuQkfkd2NILZZh4DHsKYbBxIZ01vnfQHCV8NdaZ3w==",
      "requires": {
        "tslib": "^2.3.0"
      }
    },
    "tslib": {
      "version": "2.3.0",
      "resolved": "https://registry.npmjs.org/tslib/-/tslib-2.3.0.tgz",
      "integrity": "sha512-N82ooyxVNm6h1riLCoyS9e3fuJ3AMG2zIZs2Gd1ATcSFjSA23Q0fzjjZeh0jbJvWVDZ0cJT8yaNNaaXHzueNjg=="
    }
  }
}
